[[package]]
name = "certifi"
version = "2022.9.24"
description = "Python package for providing Mozilla's CA Bundle."
category = "main"
optional = false
python-versions = ">=3.6"

[[package]]
name = "charset-normalizer"
version = "2.1.1"
description = "The Real First Universal Charset Detector. Open, modern and actively maintained alternative to Chardet."
category = "main"
optional = false
python-versions = ">=3.6.0"

[package.extras]
unicode_backport = ["unicodedata2"]

[[package]]
name = "click"
version = "8.1.3"
description = "Composable command line interface toolkit"
category = "main"
optional = false
python-versions = ">=3.7"

[package.dependencies]
colorama = {version = "*", markers = "platform_system == \"Windows\""}
importlib-metadata = {version = "*", markers = "python_version < \"3.8\""}

[[package]]
name = "colorama"
version = "0.4.5"
description = "Cross-platform colored terminal text."
category = "main"
optional = false
python-versions = ">=2.7, !=3.0.*, !=3.1.*, !=3.2.*, !=3.3.*, !=3.4.*"

[[package]]
name = "filelock"
version = "3.8.0"
description = "A platform independent file lock."
category = "main"
optional = false
python-versions = ">=3.7"

[package.extras]
docs = ["furo (>=2022.6.21)", "sphinx (>=5.1.1)", "sphinx-autodoc-typehints (>=1.19.1)"]
testing = ["covdefaults (>=2.2)", "coverage (>=6.4.2)", "pytest (>=7.1.2)", "pytest-cov (>=3)", "pytest-timeout (>=2.1)"]

[[package]]
name = "fuzzywuzzy"
version = "0.18.0"
description = "Fuzzy string matching in python"
category = "main"
optional = false
python-versions = "*"

[package.extras]
speedup = ["python-levenshtein (>=0.12)"]

[[package]]
name = "idna"
version = "3.4"
description = "Internationalized Domain Names in Applications (IDNA)"
category = "main"
optional = false
python-versions = ">=3.5"

[[package]]
name = "importlib-metadata"
version = "4.12.0"
description = "Read metadata from Python packages"
category = "main"
optional = false
python-versions = ">=3.7"

[package.dependencies]
typing-extensions = {version = ">=3.6.4", markers = "python_version < \"3.8\""}
zipp = ">=0.5"

[package.extras]
docs = ["sphinx", "jaraco.packaging (>=9)", "rst.linker (>=1.9)"]
perf = ["ipython"]
testing = ["pytest (>=6)", "pytest-checkdocs (>=2.4)", "pytest-flake8", "pytest-cov", "pytest-enabler (>=1.3)", "packaging", "pyfakefs", "flufl.flake8", "pytest-perf (>=0.9.2)", "pytest-black (>=0.3.7)", "pytest-mypy (>=0.9.1)", "importlib-resources (>=1.3)"]

[[package]]
name = "joblib"
version = "1.2.0"
description = "Lightweight pipelining with Python functions"
category = "main"
optional = false
python-versions = ">=3.7"

[[package]]
name = "numpy"
version = "1.21.6"
description = "NumPy is the fundamental package for array computing with Python."
category = "main"
optional = false
python-versions = ">=3.7,<3.11"

[[package]]
name = "packaging"
version = "21.3"
description = "Core utilities for Python packages"
category = "main"
optional = false
python-versions = ">=3.6"

[package.dependencies]
pyparsing = ">=2.0.2,<3.0.5 || >3.0.5"

[[package]]
name = "protobuf"
version = "3.20.2"
description = "Protocol Buffers"
category = "main"
optional = false
python-versions = ">=3.7"

[[package]]
name = "pyparsing"
version = "3.0.9"
description = "pyparsing module - Classes and methods to define and execute parsing grammars"
category = "main"
optional = false
python-versions = ">=3.6.8"

[package.extras]
diagrams = ["railroad-diagrams", "jinja2"]

[[package]]
name = "regex"
version = "2022.9.13"
description = "Alternative regular expression module, to replace re."
category = "main"
optional = false
python-versions = ">=3.6"

[[package]]
name = "requests"
version = "2.28.1"
description = "Python HTTP for Humans."
category = "main"
optional = false
python-versions = ">=3.7, <4"

[package.dependencies]
certifi = ">=2017.4.17"
charset-normalizer = ">=2,<3"
idna = ">=2.5,<4"
urllib3 = ">=1.21.1,<1.27"

[package.extras]
socks = ["PySocks (>=1.5.6,!=1.5.7)"]
use_chardet_on_py3 = ["chardet (>=3.0.2,<6)"]

[[package]]
name = "sacremoses"
version = "0.0.53"
description = "SacreMoses"
category = "main"
optional = false
python-versions = "*"

[package.dependencies]
click = "*"
joblib = "*"
regex = "*"
six = "*"
tqdm = "*"

[[package]]
name = "sentencepiece"
version = "0.1.91"
description = "SentencePiece python wrapper"
category = "main"
optional = false
python-versions = "*"

[[package]]
name = "six"
version = "1.16.0"
description = "Python 2 and 3 compatibility utilities"
category = "main"
optional = false
python-versions = ">=2.7, !=3.0.*, !=3.1.*, !=3.2.*"

[[package]]
name = "tokenizers"
version = "0.9.3"
description = "Fast and Customizable Tokenizers"
category = "main"
optional = false
python-versions = "*"

[package.extras]
testing = ["pytest"]

[[package]]
name = "torch"
version = "1.4.0"
description = "Tensors and Dynamic neural networks in Python with strong GPU acceleration"
category = "main"
optional = false
python-versions = ">=2.7, !=3.0.*, !=3.1.*, !=3.2.*, !=3.3.*, !=3.4.*"

[[package]]
name = "tqdm"
version = "4.64.1"
description = "Fast, Extensible Progress Meter"
category = "main"
optional = false
python-versions = "!=3.0.*,!=3.1.*,!=3.2.*,!=3.3.*,>=2.7"

[package.dependencies]
colorama = {version = "*", markers = "platform_system == \"Windows\""}

[package.extras]
dev = ["py-make (>=0.1.0)", "twine", "wheel"]
notebook = ["ipywidgets (>=6)"]
slack = ["slack-sdk"]
telegram = ["requests"]

[[package]]
name = "transformers"
version = "3.5.1"
description = "State-of-the-art Natural Language Processing for TensorFlow 2.0 and PyTorch"
category = "main"
optional = false
python-versions = ">=3.6.0"

[package.dependencies]
filelock = "*"
numpy = "*"
packaging = "*"
protobuf = "*"
regex = "!=2019.12.17"
requests = "*"
sacremoses = "*"
sentencepiece = "0.1.91"
tokenizers = "0.9.3"
tqdm = ">=4.27"

[package.extras]
all = ["tensorflow (>=2.0)", "onnxconverter-common", "keras2onnx", "torch (>=1.0)", "jaxlib (==0.1.55)", "jax (>=0.2.0)", "flax (==0.2.2)", "sentencepiece (==0.1.91)", "tokenizers (==0.9.2)"]
dev = ["tensorflow (>=2.0)", "onnxconverter-common", "keras2onnx", "torch (>=1.0)", "jaxlib (==0.1.55)", "jax (>=0.2.0)", "flax (==0.2.2)", "sentencepiece (==0.1.91)", "tokenizers (==0.9.2)", "pytest", "pytest-xdist", "timeout-decorator", "parameterized", "psutil", "faiss-cpu", "datasets", "black (>=20.8b1)", "isort (>=5.5.4)", "flake8 (>=3.8.3)", "fugashi (>=1.0)", "ipadic (>=1.0.0,<2.0)", "unidic-lite (>=1.0.7)", "unidic (>=1.0.2)", "recommonmark", "sphinx (==3.2.1)", "sphinx-markdown-tables", "sphinx-rtd-theme (==0.4.3)", "sphinx-copybutton", "scikit-learn"]
docs = ["recommonmark", "sphinx (==3.2.1)", "sphinx-markdown-tables", "sphinx-rtd-theme (==0.4.3)", "sphinx-copybutton"]
flax = ["jaxlib (==0.1.55)", "jax (>=0.2.0)", "flax (==0.2.2)"]
ja = ["fugashi (>=1.0)", "ipadic (>=1.0.0,<2.0)", "unidic-lite (>=1.0.7)", "unidic (>=1.0.2)"]
onnxruntime = ["onnxruntime (>=1.4.0)", "onnxruntime-tools (>=1.4.2)"]
quality = ["black (>=20.8b1)", "isort (>=5.5.4)", "flake8 (>=3.8.3)"]
retrieval = ["faiss-cpu", "datasets"]
sentencepiece = ["sentencepiece (==0.1.91)"]
serving = ["pydantic", "uvicorn", "fastapi", "starlette"]
sklearn = ["scikit-learn"]
testing = ["pytest", "pytest-xdist", "timeout-decorator", "parameterized", "psutil", "faiss-cpu", "datasets"]
tf = ["tensorflow (>=2.0)", "onnxconverter-common", "keras2onnx"]
tf-cpu = ["tensorflow-cpu (>=2.0)", "onnxconverter-common", "keras2onnx"]
tokenizers = ["tokenizers (==0.9.2)"]
torch = ["torch (>=1.0)"]

[[package]]
name = "typing-extensions"
version = "4.3.0"
description = "Backported and Experimental Type Hints for Python 3.7+"
category = "main"
optional = false
python-versions = ">=3.7"

[[package]]
name = "urllib3"
version = "1.26.12"
description = "HTTP library with thread-safe connection pooling, file post, and more."
category = "main"
optional = false
python-versions = ">=2.7, !=3.0.*, !=3.1.*, !=3.2.*, !=3.3.*, !=3.4.*, !=3.5.*, <4"

[package.extras]
brotli = ["brotlicffi (>=0.8.0)", "brotli (>=1.0.9)", "brotlipy (>=0.6.0)"]
secure = ["pyOpenSSL (>=0.14)", "cryptography (>=1.3.4)", "idna (>=2.0.0)", "certifi", "urllib3-secure-extra", "ipaddress"]
socks = ["PySocks (>=1.5.6,!=1.5.7,<2.0)"]

[[package]]
name = "zipp"
version = "3.8.1"
description = "Backport of pathlib-compatible object wrapper for zip files"
category = "main"
optional = false
python-versions = ">=3.7"

[package.extras]
docs = ["sphinx", "jaraco.packaging (>=9)", "rst.linker (>=1.9)", "jaraco.tidelift (>=1.4)"]
testing = ["pytest (>=6)", "pytest-checkdocs (>=2.4)", "pytest-flake8", "pytest-cov", "pytest-enabler (>=1.3)", "jaraco.itertools", "func-timeout", "pytest-black (>=0.3.7)", "pytest-mypy (>=0.9.1)"]

[metadata]
lock-version = "1.1"
python-versions = "3.7.x"
content-hash = "1dbead59e1ef6047ade3f34e69f9bab1ae0d824489fc4d345bd233572518fa71"

[metadata.files]
certifi = [
    {file = "certifi-2022.9.24-py3-none-any.whl", hash = "sha256:90c1a32f1d68f940488354e36370f6cca89f0f106db09518524c88d6ed83f382"},
    {file = "certifi-2022.9.24.tar.gz", hash = "sha256:0d9c601124e5a6ba9712dbc60d9c53c21e34f5f641fe83002317394311bdce14"},
]
charset-normalizer = [
    {file = "charset-normalizer-2.1.1.tar.gz", hash = "sha256:5a3d016c7c547f69d6f81fb0db9449ce888b418b5b9952cc5e6e66843e9dd845"},
    {file = "charset_normalizer-2.1.1-py3-none-any.whl", hash = "sha256:83e9a75d1911279afd89352c68b45348559d1fc0506b054b346651b5e7fee29f"},
]
click = [
    {file = "click-8.1.3-py3-none-any.whl", hash = "sha256:bb4d8133cb15a609f44e8213d9b391b0809795062913b383c62be0ee95b1db48"},
    {file = "click-8.1.3.tar.gz", hash = "sha256:7682dc8afb30297001674575ea00d1814d808d6a36af415a82bd481d37ba7b8e"},
]
colorama = [
    {file = "colorama-0.4.5-py2.py3-none-any.whl", hash = "sha256:854bf444933e37f5824ae7bfc1e98d5bce2ebe4160d46b5edf346a89358e99da"},
    {file = "colorama-0.4.5.tar.gz", hash = "sha256:e6c6b4334fc50988a639d9b98aa429a0b57da6e17b9a44f0451f930b6967b7a4"},
]
filelock = [
    {file = "filelock-3.8.0-py3-none-any.whl", hash = "sha256:617eb4e5eedc82fc5f47b6d61e4d11cb837c56cb4544e39081099fa17ad109d4"},
    {file = "filelock-3.8.0.tar.gz", hash = "sha256:55447caa666f2198c5b6b13a26d2084d26fa5b115c00d065664b2124680c4edc"},
]
fuzzywuzzy = [
    {file = "fuzzywuzzy-0.18.0-py2.py3-none-any.whl", hash = "sha256:928244b28db720d1e0ee7587acf660ea49d7e4c632569cad4f1cd7e68a5f0993"},
    {file = "fuzzywuzzy-0.18.0.tar.gz", hash = "sha256:45016e92264780e58972dca1b3d939ac864b78437422beecebb3095f8efd00e8"},
]
idna = [
    {file = "idna-3.4-py3-none-any.whl", hash = "sha256:90b77e79eaa3eba6de819a0c442c0b4ceefc341a7a2ab77d7562bf49f425c5c2"},
    {file = "idna-3.4.tar.gz", hash = "sha256:814f528e8dead7d329833b91c5faa87d60bf71824cd12a7530b5526063d02cb4"},
]
importlib-metadata = [
    {file = "importlib_metadata-4.12.0-py3-none-any.whl", hash = "sha256:7401a975809ea1fdc658c3aa4f78cc2195a0e019c5cbc4c06122884e9ae80c23"},
    {file = "importlib_metadata-4.12.0.tar.gz", hash = "sha256:637245b8bab2b6502fcbc752cc4b7a6f6243bb02b31c5c26156ad103d3d45670"},
]
joblib = [
    {file = "joblib-1.2.0-py3-none-any.whl", hash = "sha256:091138ed78f800342968c523bdde947e7a305b8594b910a0fea2ab83c3c6d385"},
    {file = "joblib-1.2.0.tar.gz", hash = "sha256:e1cee4a79e4af22881164f218d4311f60074197fb707e082e803b61f6d137018"},
]
numpy = [
    {file = "numpy-1.21.6-cp310-cp310-macosx_10_9_universal2.whl", hash = "sha256:8737609c3bbdd48e380d463134a35ffad3b22dc56295eff6f79fd85bd0eeeb25"},
    {file = "numpy-1.21.6-cp310-cp310-macosx_10_9_x86_64.whl", hash = "sha256:fdffbfb6832cd0b300995a2b08b8f6fa9f6e856d562800fea9182316d99c4e8e"},
    {file = "numpy-1.21.6-cp310-cp310-macosx_11_0_arm64.whl", hash = "sha256:3820724272f9913b597ccd13a467cc492a0da6b05df26ea09e78b171a0bb9da6"},
    {file = "numpy-1.21.6-cp310-cp310-manylinux_2_17_aarch64.manylinux2014_aarch64.whl", hash = "sha256:f17e562de9edf691a42ddb1eb4a5541c20dd3f9e65b09ded2beb0799c0cf29bb"},
    {file = "numpy-1.21.6-cp310-cp310-manylinux_2_17_x86_64.manylinux2014_x86_64.whl", hash = "sha256:5f30427731561ce75d7048ac254dbe47a2ba576229250fb60f0fb74db96501a1"},
    {file = "numpy-1.21.6-cp310-cp310-win32.whl", hash = "sha256:d4bf4d43077db55589ffc9009c0ba0a94fa4908b9586d6ccce2e0b164c86303c"},
    {file = "numpy-1.21.6-cp310-cp310-win_amd64.whl", hash = "sha256:d136337ae3cc69aa5e447e78d8e1514be8c3ec9b54264e680cf0b4bd9011574f"},
    {file = "numpy-1.21.6-cp37-cp37m-macosx_10_9_x86_64.whl", hash = "sha256:6aaf96c7f8cebc220cdfc03f1d5a31952f027dda050e5a703a0d1c396075e3e7"},
    {file = "numpy-1.21.6-cp37-cp37m-manylinux_2_12_i686.manylinux2010_i686.whl", hash = "sha256:67c261d6c0a9981820c3a149d255a76918278a6b03b6a036800359aba1256d46"},
    {file = "numpy-1.21.6-cp37-cp37m-manylinux_2_12_x86_64.manylinux2010_x86_64.whl", hash = "sha256:a6be4cb0ef3b8c9250c19cc122267263093eee7edd4e3fa75395dfda8c17a8e2"},
    {file = "numpy-1.21.6-cp37-cp37m-manylinux_2_17_aarch64.manylinux2014_aarch64.whl", hash = "sha256:7c4068a8c44014b2d55f3c3f574c376b2494ca9cc73d2f1bd692382b6dffe3db"},
    {file = "numpy-1.21.6-cp37-cp37m-win32.whl", hash = "sha256:7c7e5fa88d9ff656e067876e4736379cc962d185d5cd808014a8a928d529ef4e"},
    {file = "numpy-1.21.6-cp37-cp37m-win_amd64.whl", hash = "sha256:bcb238c9c96c00d3085b264e5c1a1207672577b93fa666c3b14a45240b14123a"},
    {file = "numpy-1.21.6-cp38-cp38-macosx_10_9_universal2.whl", hash = "sha256:82691fda7c3f77c90e62da69ae60b5ac08e87e775b09813559f8901a88266552"},
    {file = "numpy-1.21.6-cp38-cp38-macosx_10_9_x86_64.whl", hash = "sha256:643843bcc1c50526b3a71cd2ee561cf0d8773f062c8cbaf9ffac9fdf573f83ab"},
    {file = "numpy-1.21.6-cp38-cp38-macosx_11_0_arm64.whl", hash = "sha256:357768c2e4451ac241465157a3e929b265dfac85d9214074985b1786244f2ef3"},
    {file = "numpy-1.21.6-cp38-cp38-manylinux_2_12_i686.manylinux2010_i686.whl", hash = "sha256:9f411b2c3f3d76bba0865b35a425157c5dcf54937f82bbeb3d3c180789dd66a6"},
    {file = "numpy-1.21.6-cp38-cp38-manylinux_2_12_x86_64.manylinux2010_x86_64.whl", hash = "sha256:4aa48afdce4660b0076a00d80afa54e8a97cd49f457d68a4342d188a09451c1a"},
    {file = "numpy-1.21.6-cp38-cp38-manylinux_2_17_aarch64.manylinux2014_aarch64.whl", hash = "sha256:d6a96eef20f639e6a97d23e57dd0c1b1069a7b4fd7027482a4c5c451cd7732f4"},
    {file = "numpy-1.21.6-cp38-cp38-win32.whl", hash = "sha256:5c3c8def4230e1b959671eb959083661b4a0d2e9af93ee339c7dada6759a9470"},
    {file = "numpy-1.21.6-cp38-cp38-win_amd64.whl", hash = "sha256:bf2ec4b75d0e9356edea834d1de42b31fe11f726a81dfb2c2112bc1eaa508fcf"},
    {file = "numpy-1.21.6-cp39-cp39-macosx_10_9_universal2.whl", hash = "sha256:4391bd07606be175aafd267ef9bea87cf1b8210c787666ce82073b05f202add1"},
    {file = "numpy-1.21.6-cp39-cp39-macosx_10_9_x86_64.whl", hash = "sha256:67f21981ba2f9d7ba9ade60c9e8cbaa8cf8e9ae51673934480e45cf55e953673"},
    {file = "numpy-1.21.6-cp39-cp39-macosx_11_0_arm64.whl", hash = "sha256:ee5ec40fdd06d62fe5d4084bef4fd50fd4bb6bfd2bf519365f569dc470163ab0"},
    {file = "numpy-1.21.6-cp39-cp39-manylinux_2_12_i686.manylinux2010_i686.whl", hash = "sha256:1dbe1c91269f880e364526649a52eff93ac30035507ae980d2fed33aaee633ac"},
    {file = "numpy-1.21.6-cp39-cp39-manylinux_2_12_x86_64.manylinux2010_x86_64.whl", hash = "sha256:d9caa9d5e682102453d96a0ee10c7241b72859b01a941a397fd965f23b3e016b"},
    {file = "numpy-1.21.6-cp39-cp39-manylinux_2_17_aarch64.manylinux2014_aarch64.whl", hash = "sha256:58459d3bad03343ac4b1b42ed14d571b8743dc80ccbf27444f266729df1d6f5b"},
    {file = "numpy-1.21.6-cp39-cp39-win32.whl", hash = "sha256:7f5ae4f304257569ef3b948810816bc87c9146e8c446053539947eedeaa32786"},
    {file = "numpy-1.21.6-cp39-cp39-win_amd64.whl", hash = "sha256:e31f0bb5928b793169b87e3d1e070f2342b22d5245c755e2b81caa29756246c3"},
    {file = "numpy-1.21.6-pp37-pypy37_pp73-manylinux_2_12_x86_64.manylinux2010_x86_64.whl", hash = "sha256:dd1c8f6bd65d07d3810b90d02eba7997e32abbdf1277a481d698969e921a3be0"},
    {file = "numpy-1.21.6.zip", hash = "sha256:ecb55251139706669fdec2ff073c98ef8e9a84473e51e716211b41aa0f18e656"},
]
packaging = [
    {file = "packaging-21.3-py3-none-any.whl", hash = "sha256:ef103e05f519cdc783ae24ea4e2e0f508a9c99b2d4969652eed6a2e1ea5bd522"},
    {file = "packaging-21.3.tar.gz", hash = "sha256:dd47c42927d89ab911e606518907cc2d3a1f38bbd026385970643f9c5b8ecfeb"},
]
protobuf = [
    {file = "protobuf-3.20.2-cp310-cp310-macosx_10_9_universal2.whl", hash = "sha256:9f876a69ca55aed879b43c295a328970306e8e80a263ec91cf6e9189243c613b"},
    {file = "protobuf-3.20.2-cp310-cp310-manylinux2014_aarch64.whl", hash = "sha256:09e25909c4297d71d97612f04f41cea8fa8510096864f2835ad2f3b3df5a5559"},
    {file = "protobuf-3.20.2-cp310-cp310-manylinux_2_12_x86_64.manylinux2010_x86_64.whl", hash = "sha256:e8fbc522303e09036c752a0afcc5c0603e917222d8bedc02813fd73b4b4ed804"},
    {file = "protobuf-3.20.2-cp310-cp310-win32.whl", hash = "sha256:84a1544252a933ef07bb0b5ef13afe7c36232a774affa673fc3636f7cee1db6c"},
    {file = "protobuf-3.20.2-cp310-cp310-win_amd64.whl", hash = "sha256:2c0b040d0b5d5d207936ca2d02f00f765906622c07d3fa19c23a16a8ca71873f"},
    {file = "protobuf-3.20.2-cp36-cp36m-manylinux_2_5_x86_64.manylinux1_x86_64.whl", hash = "sha256:3cb608e5a0eb61b8e00fe641d9f0282cd0eedb603be372f91f163cbfbca0ded0"},
    {file = "protobuf-3.20.2-cp37-cp37m-macosx_10_9_x86_64.whl", hash = "sha256:84fe5953b18a383fd4495d375fe16e1e55e0a3afe7b4f7b4d01a3a0649fcda9d"},
    {file = "protobuf-3.20.2-cp37-cp37m-manylinux2014_aarch64.whl", hash = "sha256:384164994727f274cc34b8abd41a9e7e0562801361ee77437099ff6dfedd024b"},
    {file = "protobuf-3.20.2-cp37-cp37m-manylinux_2_5_x86_64.manylinux1_x86_64.whl", hash = "sha256:e39cf61bb8582bda88cdfebc0db163b774e7e03364bbf9ce1ead13863e81e359"},
    {file = "protobuf-3.20.2-cp37-cp37m-win32.whl", hash = "sha256:18e34a10ae10d458b027d7638a599c964b030c1739ebd035a1dfc0e22baa3bfe"},
    {file = "protobuf-3.20.2-cp37-cp37m-win_amd64.whl", hash = "sha256:8228e56a865c27163d5d1d1771d94b98194aa6917bcfb6ce139cbfa8e3c27334"},
    {file = "protobuf-3.20.2-cp38-cp38-macosx_10_9_x86_64.whl", hash = "sha256:03d76b7bd42ac4a6e109742a4edf81ffe26ffd87c5993126d894fe48a120396a"},
    {file = "protobuf-3.20.2-cp38-cp38-manylinux2014_aarch64.whl", hash = "sha256:f52dabc96ca99ebd2169dadbe018824ebda08a795c7684a0b7d203a290f3adb0"},
    {file = "protobuf-3.20.2-cp38-cp38-manylinux_2_5_x86_64.manylinux1_x86_64.whl", hash = "sha256:f34464ab1207114e73bba0794d1257c150a2b89b7a9faf504e00af7c9fd58978"},
    {file = "protobuf-3.20.2-cp38-cp38-win32.whl", hash = "sha256:5d9402bf27d11e37801d1743eada54372f986a372ec9679673bfcc5c60441151"},
    {file = "protobuf-3.20.2-cp38-cp38-win_amd64.whl", hash = "sha256:9c673c8bfdf52f903081816b9e0e612186684f4eb4c17eeb729133022d6032e3"},
    {file = "protobuf-3.20.2-cp39-cp39-macosx_10_9_x86_64.whl", hash = "sha256:291fb4307094bf5ccc29f424b42268640e00d5240bf0d9b86bf3079f7576474d"},
    {file = "protobuf-3.20.2-cp39-cp39-manylinux2014_aarch64.whl", hash = "sha256:b4fdb29c5a7406e3f7ef176b2a7079baa68b5b854f364c21abe327bbeec01cdb"},
    {file = "protobuf-3.20.2-cp39-cp39-manylinux_2_5_x86_64.manylinux1_x86_64.whl", hash = "sha256:7a5037af4e76c975b88c3becdf53922b5ffa3f2cddf657574a4920a3b33b80f3"},
    {file = "protobuf-3.20.2-cp39-cp39-win32.whl", hash = "sha256:a9e5ae5a8e8985c67e8944c23035a0dff2c26b0f5070b2f55b217a1c33bbe8b1"},
    {file = "protobuf-3.20.2-cp39-cp39-win_amd64.whl", hash = "sha256:c184485e0dfba4dfd451c3bd348c2e685d6523543a0f91b9fd4ae90eb09e8422"},
    {file = "protobuf-3.20.2-py2.py3-none-any.whl", hash = "sha256:c9cdf251c582c16fd6a9f5e95836c90828d51b0069ad22f463761d27c6c19019"},
    {file = "protobuf-3.20.2.tar.gz", hash = "sha256:712dca319eee507a1e7df3591e639a2b112a2f4a62d40fe7832a16fd19151750"},
]
pyparsing = [
    {file = "pyparsing-3.0.9-py3-none-any.whl", hash = "sha256:5026bae9a10eeaefb61dab2f09052b9f4307d44aee4eda64b309723d8d206bbc"},
    {file = "pyparsing-3.0.9.tar.gz", hash = "sha256:2b020ecf7d21b687f219b71ecad3631f644a47f01403fa1d1036b0c6416d70fb"},
]
regex = [
    {file = "regex-2022.9.13-cp310-cp310-macosx_10_9_x86_64.whl", hash = "sha256:0394265391a86e2bbaa7606e59ac71bd9f1edf8665a59e42771a9c9adbf6fd4f"},
    {file = "regex-2022.9.13-cp310-cp310-macosx_11_0_arm64.whl", hash = "sha256:86df2049b18745f3cd4b0f4c4ef672bfac4b80ca488e6ecfd2bbfe68d2423a2c"},
    {file = "regex-2022.9.13-cp310-cp310-manylinux_2_17_aarch64.manylinux2014_aarch64.whl", hash = "sha256:ce331b076b2b013e7d7f07157f957974ef0b0881a808e8a4a4b3b5105aee5d04"},
    {file = "regex-2022.9.13-cp310-cp310-manylinux_2_17_ppc64le.manylinux2014_ppc64le.whl", hash = "sha256:360ffbc9357794ae41336b681dff1c0463193199dfb91fcad3ec385ea4972f46"},
    {file = "regex-2022.9.13-cp310-cp310-manylinux_2_17_s390x.manylinux2014_s390x.whl", hash = "sha256:18e503b1e515a10282b3f14f1b3d856194ecece4250e850fad230842ed31227f"},
    {file = "regex-2022.9.13-cp310-cp310-manylinux_2_17_x86_64.manylinux2014_x86_64.whl", hash = "sha256:f6e167d1ccd41d27b7b6655bb7a2dcb1b1eb1e0d2d662043470bd3b4315d8b2b"},
    {file = "regex-2022.9.13-cp310-cp310-manylinux_2_5_i686.manylinux1_i686.manylinux_2_17_i686.manylinux2014_i686.whl", hash = "sha256:4146cb7ae6029fc83b5c905ec6d806b7e5568dc14297c423e66b86294bad6c39"},
    {file = "regex-2022.9.13-cp310-cp310-manylinux_2_5_x86_64.manylinux1_x86_64.manylinux_2_12_x86_64.manylinux2010_x86_64.whl", hash = "sha256:a1aec4ae549fd7b3f52ceaf67e133010e2fba1538bf4d5fc5cd162a5e058d5df"},
    {file = "regex-2022.9.13-cp310-cp310-musllinux_1_1_aarch64.whl", hash = "sha256:cab548d6d972e1de584161487b2ac1aa82edd8430d1bde69587ba61698ad1cfb"},
    {file = "regex-2022.9.13-cp310-cp310-musllinux_1_1_i686.whl", hash = "sha256:3d64e1a7e6d98a4cdc8b29cb8d8ed38f73f49e55fbaa737bdb5933db99b9de22"},
    {file = "regex-2022.9.13-cp310-cp310-musllinux_1_1_ppc64le.whl", hash = "sha256:67a4c625361db04ae40ef7c49d3cbe2c1f5ff10b5a4491327ab20f19f2fb5d40"},
    {file = "regex-2022.9.13-cp310-cp310-musllinux_1_1_s390x.whl", hash = "sha256:5d0dd8b06896423211ce18fba0c75dacc49182a1d6514c004b535be7163dca0f"},
    {file = "regex-2022.9.13-cp310-cp310-musllinux_1_1_x86_64.whl", hash = "sha256:4318f69b79f9f7d84a7420e97d4bfe872dc767c72f891d4fea5fa721c74685f7"},
    {file = "regex-2022.9.13-cp310-cp310-win32.whl", hash = "sha256:26df88c9636a0c3f3bd9189dd435850a0c49d0b7d6e932500db3f99a6dd604d1"},
    {file = "regex-2022.9.13-cp310-cp310-win_amd64.whl", hash = "sha256:6fe1dd1021e0f8f3f454ce2811f1b0b148f2d25bb38c712fec00316551e93650"},
    {file = "regex-2022.9.13-cp311-cp311-macosx_10_9_x86_64.whl", hash = "sha256:83cc32a1a2fa5bac00f4abc0e6ce142e3c05d3a6d57e23bd0f187c59b4e1e43b"},
    {file = "regex-2022.9.13-cp311-cp311-macosx_11_0_arm64.whl", hash = "sha256:a2effeaf50a6838f3dd4d3c5d265f06eabc748f476e8441892645ae3a697e273"},
    {file = "regex-2022.9.13-cp311-cp311-manylinux_2_17_aarch64.manylinux2014_aarch64.whl", hash = "sha256:59a786a55d00439d8fae4caaf71581f2aaef7297d04ee60345c3594efef5648a"},
    {file = "regex-2022.9.13-cp311-cp311-manylinux_2_17_ppc64le.manylinux2014_ppc64le.whl", hash = "sha256:b7b701dbc124558fd2b1b08005eeca6c9160e209108fbcbd00091fcfac641ac7"},
    {file = "regex-2022.9.13-cp311-cp311-manylinux_2_17_s390x.manylinux2014_s390x.whl", hash = "sha256:dab81cc4d58026861445230cfba27f9825e9223557926e7ec22156a1a140d55c"},
    {file = "regex-2022.9.13-cp311-cp311-manylinux_2_17_x86_64.manylinux2014_x86_64.whl", hash = "sha256:7b0c5cc3d1744a67c3b433dce91e5ef7c527d612354c1f1e8576d9e86bc5c5e2"},
    {file = "regex-2022.9.13-cp311-cp311-manylinux_2_5_i686.manylinux1_i686.manylinux_2_17_i686.manylinux2014_i686.whl", hash = "sha256:518272f25da93e02af4f1e94985f5042cec21557ef3591027d0716f2adda5d0a"},
    {file = "regex-2022.9.13-cp311-cp311-musllinux_1_1_aarch64.whl", hash = "sha256:8418ee2cb857b83881b8f981e4c636bc50a0587b12d98cb9b947408a3c484fe7"},
    {file = "regex-2022.9.13-cp311-cp311-musllinux_1_1_i686.whl", hash = "sha256:cfa4c956ff0a977c4823cb3b930b0a4e82543b060733628fec7ab3eb9b1abe37"},
    {file = "regex-2022.9.13-cp311-cp311-musllinux_1_1_ppc64le.whl", hash = "sha256:a1c4d17879dd4c4432c08a1ca1ab379f12ab54af569e945b6fc1c4cf6a74ca45"},
    {file = "regex-2022.9.13-cp311-cp311-musllinux_1_1_s390x.whl", hash = "sha256:77c2879d3ba51e5ca6c2b47f2dcf3d04a976a623a8fc8236010a16c9e0b0a3c7"},
    {file = "regex-2022.9.13-cp311-cp311-musllinux_1_1_x86_64.whl", hash = "sha256:d2885ec6eea629c648ecc9bde0837ec6b92208b7f36381689937fe5d64a517e8"},
    {file = "regex-2022.9.13-cp311-cp311-win32.whl", hash = "sha256:2dda4b096a6f630d6531728a45bd12c67ec3badf44342046dc77d4897277d4f2"},
    {file = "regex-2022.9.13-cp311-cp311-win_amd64.whl", hash = "sha256:592b9e2e1862168e71d9e612bfdc22c451261967dbd46681f14e76dfba7105fd"},
    {file = "regex-2022.9.13-cp36-cp36m-macosx_10_9_x86_64.whl", hash = "sha256:df8fe00b60e4717662c7f80c810ba66dcc77309183c76b7754c0dff6f1d42054"},
    {file = "regex-2022.9.13-cp36-cp36m-manylinux_2_17_aarch64.manylinux2014_aarch64.whl", hash = "sha256:995e70bb8c91d1b99ed2aaf8ec44863e06ad1dfbb45d7df95f76ef583ec323a9"},
    {file = "regex-2022.9.13-cp36-cp36m-manylinux_2_17_ppc64le.manylinux2014_ppc64le.whl", hash = "sha256:ad75173349ad79f9d21e0d0896b27dcb37bfd233b09047bc0b4d226699cf5c87"},
    {file = "regex-2022.9.13-cp36-cp36m-manylinux_2_17_s390x.manylinux2014_s390x.whl", hash = "sha256:7681c49da1a2d4b905b4f53d86c9ba4506e79fba50c4a664d9516056e0f7dfcc"},
    {file = "regex-2022.9.13-cp36-cp36m-manylinux_2_17_x86_64.manylinux2014_x86_64.whl", hash = "sha256:9bc8edc5f8ef0ebb46f3fa0d02bd825bbe9cc63d59e428ffb6981ff9672f6de1"},
    {file = "regex-2022.9.13-cp36-cp36m-manylinux_2_5_i686.manylinux1_i686.manylinux_2_17_i686.manylinux2014_i686.whl", hash = "sha256:b7bee775ff05c9d519195bd9e8aaaccfe3971db60f89f89751ee0f234e8aeac5"},
    {file = "regex-2022.9.13-cp36-cp36m-manylinux_2_5_x86_64.manylinux1_x86_64.manylinux_2_12_x86_64.manylinux2010_x86_64.whl", hash = "sha256:1a901ce5cd42658ab8f8eade51b71a6d26ad4b68c7cfc86b87efc577dfa95602"},
    {file = "regex-2022.9.13-cp36-cp36m-musllinux_1_1_aarch64.whl", hash = "sha256:14a7ab070fa3aec288076eed6ed828587b805ef83d37c9bfccc1a4a7cfbd8111"},
    {file = "regex-2022.9.13-cp36-cp36m-musllinux_1_1_i686.whl", hash = "sha256:d23ac6b4bf9e32fcde5fcdb2e1fd5e7370d6693fcac51ee1d340f0e886f50d1f"},
    {file = "regex-2022.9.13-cp36-cp36m-musllinux_1_1_ppc64le.whl", hash = "sha256:4cdbfa6d2befeaee0c899f19222e9b20fc5abbafe5e9c43a46ef819aeb7b75e5"},
    {file = "regex-2022.9.13-cp36-cp36m-musllinux_1_1_s390x.whl", hash = "sha256:ab07934725e6f25c6f87465976cc69aef1141e86987af49d8c839c3ffd367c72"},
    {file = "regex-2022.9.13-cp36-cp36m-musllinux_1_1_x86_64.whl", hash = "sha256:d2a1371dc73e921f3c2e087c05359050f3525a9a34b476ebc8130e71bec55e97"},
    {file = "regex-2022.9.13-cp36-cp36m-win32.whl", hash = "sha256:fcbd1edff1473d90dc5cf4b52d355cf1f47b74eb7c85ba6e45f45d0116b8edbd"},
    {file = "regex-2022.9.13-cp36-cp36m-win_amd64.whl", hash = "sha256:fe428822b7a8c486bcd90b334e9ab541ce6cc0d6106993d59f201853e5e14121"},
    {file = "regex-2022.9.13-cp37-cp37m-macosx_10_9_x86_64.whl", hash = "sha256:d7430f041755801b712ec804aaf3b094b9b5facbaa93a6339812a8e00d7bd53a"},
    {file = "regex-2022.9.13-cp37-cp37m-manylinux_2_17_aarch64.manylinux2014_aarch64.whl", hash = "sha256:079c182f99c89524069b9cd96f5410d6af437e9dca576a7d59599a574972707e"},
    {file = "regex-2022.9.13-cp37-cp37m-manylinux_2_17_ppc64le.manylinux2014_ppc64le.whl", hash = "sha256:59bac44b5a07b08a261537f652c26993af9b1bbe2a29624473968dd42fc29d56"},
    {file = "regex-2022.9.13-cp37-cp37m-manylinux_2_17_s390x.manylinux2014_s390x.whl", hash = "sha256:a59d0377e58d96a6f11636e97992f5b51b7e1e89eb66332d1c01b35adbabfe8a"},
    {file = "regex-2022.9.13-cp37-cp37m-manylinux_2_17_x86_64.manylinux2014_x86_64.whl", hash = "sha256:b9d68eb704b24bc4d441b24e4a12653acd07d2c39940548761e0985a08bc1fff"},
    {file = "regex-2022.9.13-cp37-cp37m-manylinux_2_5_i686.manylinux1_i686.manylinux_2_17_i686.manylinux2014_i686.whl", hash = "sha256:0385d66e73cdd4462f3cc42c76a6576ddcc12472c30e02a2ae82061bff132c32"},
    {file = "regex-2022.9.13-cp37-cp37m-manylinux_2_5_x86_64.manylinux1_x86_64.manylinux_2_12_x86_64.manylinux2010_x86_64.whl", hash = "sha256:db45016364eec9ddbb5af93c8740c5c92eb7f5fc8848d1ae04205a40a1a2efc6"},
    {file = "regex-2022.9.13-cp37-cp37m-musllinux_1_1_aarch64.whl", hash = "sha256:03ff695518482b946a6d3d4ce9cbbd99a21320e20d94913080aa3841f880abcd"},
    {file = "regex-2022.9.13-cp37-cp37m-musllinux_1_1_i686.whl", hash = "sha256:6b32b45433df1fad7fed738fe15200b6516da888e0bd1fdd6aa5e50cc16b76bc"},
    {file = "regex-2022.9.13-cp37-cp37m-musllinux_1_1_ppc64le.whl", hash = "sha256:003a2e1449d425afc817b5f0b3d4c4aa9072dd5f3dfbf6c7631b8dc7b13233de"},
    {file = "regex-2022.9.13-cp37-cp37m-musllinux_1_1_s390x.whl", hash = "sha256:a9eb9558e1d0f78e07082d8a70d5c4d631c8dd75575fae92105df9e19c736730"},
    {file = "regex-2022.9.13-cp37-cp37m-musllinux_1_1_x86_64.whl", hash = "sha256:f6e0321921d2fdc082ef90c1fd0870f129c2e691bfdc4937dcb5cd308aba95c4"},
    {file = "regex-2022.9.13-cp37-cp37m-win32.whl", hash = "sha256:3f3b4594d564ed0b2f54463a9f328cf6a5b2a32610a90cdff778d6e3e561d08b"},
    {file = "regex-2022.9.13-cp37-cp37m-win_amd64.whl", hash = "sha256:8aba0d01e3dfd335f2cb107079b07fdddb4cd7fb2d8c8a1986f9cb8ce9246c24"},
    {file = "regex-2022.9.13-cp38-cp38-macosx_10_9_x86_64.whl", hash = "sha256:944567bb08f52268d8600ee5bdf1798b2b62ea002cc692a39cec113244cbdd0d"},
    {file = "regex-2022.9.13-cp38-cp38-macosx_11_0_arm64.whl", hash = "sha256:0b664a4d33ffc6be10996606dfc25fd3248c24cc589c0b139feb4c158053565e"},
    {file = "regex-2022.9.13-cp38-cp38-manylinux_2_17_aarch64.manylinux2014_aarch64.whl", hash = "sha256:f06cc1190f3db3192ab8949e28f2c627e1809487e2cfc435b6524c1ce6a2f391"},
    {file = "regex-2022.9.13-cp38-cp38-manylinux_2_17_ppc64le.manylinux2014_ppc64le.whl", hash = "sha256:6c57d50d4d5eb0c862569ca3c840eba2a73412f31d9ecc46ef0d6b2e621a592b"},
    {file = "regex-2022.9.13-cp38-cp38-manylinux_2_17_s390x.manylinux2014_s390x.whl", hash = "sha256:19a4da6f513045f5ba00e491215bd00122e5bd131847586522463e5a6b2bd65f"},
    {file = "regex-2022.9.13-cp38-cp38-manylinux_2_17_x86_64.manylinux2014_x86_64.whl", hash = "sha256:a926339356fe29595f8e37af71db37cd87ff764e15da8ad5129bbaff35bcc5a6"},
    {file = "regex-2022.9.13-cp38-cp38-manylinux_2_5_i686.manylinux1_i686.manylinux_2_17_i686.manylinux2014_i686.whl", hash = "sha256:091efcfdd4178a7e19a23776dc2b1fafb4f57f4d94daf340f98335817056f874"},
    {file = "regex-2022.9.13-cp38-cp38-manylinux_2_5_x86_64.manylinux1_x86_64.manylinux_2_12_x86_64.manylinux2010_x86_64.whl", hash = "sha256:880dbeb6bdde7d926b4d8e41410b16ffcd4cb3b4c6d926280fea46e2615c7a01"},
    {file = "regex-2022.9.13-cp38-cp38-musllinux_1_1_aarch64.whl", hash = "sha256:73b985c9fc09a7896846e26d7b6f4d1fd5a20437055f4ef985d44729f9f928d0"},
    {file = "regex-2022.9.13-cp38-cp38-musllinux_1_1_i686.whl", hash = "sha256:c0b7cb9598795b01f9a3dd3f770ab540889259def28a3bf9b2fa24d52edecba3"},
    {file = "regex-2022.9.13-cp38-cp38-musllinux_1_1_ppc64le.whl", hash = "sha256:37e5a26e76c46f54b3baf56a6fdd56df9db89758694516413757b7d127d4c57b"},
    {file = "regex-2022.9.13-cp38-cp38-musllinux_1_1_s390x.whl", hash = "sha256:99945ddb4f379bb9831c05e9f80f02f079ba361a0fb1fba1fc3b267639b6bb2e"},
    {file = "regex-2022.9.13-cp38-cp38-musllinux_1_1_x86_64.whl", hash = "sha256:8dcbcc9e72a791f622a32d17ff5011326a18996647509cac0609a7fc43adc229"},
    {file = "regex-2022.9.13-cp38-cp38-win32.whl", hash = "sha256:d3102ab9bf16bf541ca228012d45d88d2a567c9682a805ae2c145a79d3141fdd"},
    {file = "regex-2022.9.13-cp38-cp38-win_amd64.whl", hash = "sha256:14216ea15efc13f28d0ef1c463d86d93ca7158a79cd4aec0f9273f6d4c6bb047"},
    {file = "regex-2022.9.13-cp39-cp39-macosx_10_9_x86_64.whl", hash = "sha256:9a165a05979e212b2c2d56a9f40b69c811c98a788964e669eb322de0a3e420b4"},
    {file = "regex-2022.9.13-cp39-cp39-macosx_11_0_arm64.whl", hash = "sha256:14c71437ffb89479c89cc7022a5ea2075a842b728f37205e47c824cc17b30a42"},
    {file = "regex-2022.9.13-cp39-cp39-manylinux_2_17_aarch64.manylinux2014_aarch64.whl", hash = "sha256:ee7045623a5ace70f3765e452528b4c1f2ce669ed31959c63f54de64fe2f6ff7"},
    {file = "regex-2022.9.13-cp39-cp39-manylinux_2_17_ppc64le.manylinux2014_ppc64le.whl", hash = "sha256:6e521d9db006c5e4a0f8acfef738399f72b704913d4e083516774eb51645ad7c"},
    {file = "regex-2022.9.13-cp39-cp39-manylinux_2_17_s390x.manylinux2014_s390x.whl", hash = "sha256:b86548b8234b2be3985dbc0b385e35f5038f0f3e6251464b827b83ebf4ed90e5"},
    {file = "regex-2022.9.13-cp39-cp39-manylinux_2_17_x86_64.manylinux2014_x86_64.whl", hash = "sha256:a2b39ee3b280e15824298b97cec3f7cbbe6539d8282cc8a6047a455b9a72c598"},
    {file = "regex-2022.9.13-cp39-cp39-manylinux_2_5_i686.manylinux1_i686.manylinux_2_17_i686.manylinux2014_i686.whl", hash = "sha256:e6e6e61e9a38b6cc60ca3e19caabc90261f070f23352e66307b3d21a24a34aaf"},
    {file = "regex-2022.9.13-cp39-cp39-manylinux_2_5_x86_64.manylinux1_x86_64.manylinux_2_12_x86_64.manylinux2010_x86_64.whl", hash = "sha256:d837ccf3bd2474feabee96cd71144e991472e400ed26582edc8ca88ce259899c"},
    {file = "regex-2022.9.13-cp39-cp39-musllinux_1_1_aarch64.whl", hash = "sha256:6adfe300848d61a470ec7547adc97b0ccf86de86a99e6830f1d8c8d19ecaf6b3"},
    {file = "regex-2022.9.13-cp39-cp39-musllinux_1_1_i686.whl", hash = "sha256:d5b003d248e6f292475cd24b04e5f72c48412231961a675edcb653c70730e79e"},
    {file = "regex-2022.9.13-cp39-cp39-musllinux_1_1_ppc64le.whl", hash = "sha256:d5edd3eb877c9fc2e385173d4a4e1d792bf692d79e25c1ca391802d36ecfaa01"},
    {file = "regex-2022.9.13-cp39-cp39-musllinux_1_1_s390x.whl", hash = "sha256:50e764ffbd08b06aa8c4e86b8b568b6722c75d301b33b259099f237c46b2134e"},
    {file = "regex-2022.9.13-cp39-cp39-musllinux_1_1_x86_64.whl", hash = "sha256:6d43bd402b27e0e7eae85c612725ba1ce7798f20f6fab4e8bc3de4f263294f03"},
    {file = "regex-2022.9.13-cp39-cp39-win32.whl", hash = "sha256:7fcf7f94ccad19186820ac67e2ec7e09e0ac2dac39689f11cf71eac580503296"},
    {file = "regex-2022.9.13-cp39-cp39-win_amd64.whl", hash = "sha256:322bd5572bed36a5b39952d88e072738926759422498a96df138d93384934ff8"},
    {file = "regex-2022.9.13.tar.gz", hash = "sha256:f07373b6e56a6f3a0df3d75b651a278ca7bd357a796078a26a958ea1ce0588fd"},
]
requests = [
    {file = "requests-2.28.1-py3-none-any.whl", hash = "sha256:8fefa2a1a1365bf5520aac41836fbee479da67864514bdb821f31ce07ce65349"},
    {file = "requests-2.28.1.tar.gz", hash = "sha256:7c5599b102feddaa661c826c56ab4fee28bfd17f5abca1ebbe3e7f19d7c97983"},
]
sacremoses = [
    {file = "sacremoses-0.0.53.tar.gz", hash = "sha256:43715868766c643b35de4b8046cce236bfe59a7fa88b25eaf6ddf02bacf53a7a"},
]
sentencepiece = [
    {file = "sentencepiece-0.1.91-cp27-cp27m-macosx_10_6_x86_64.whl", hash = "sha256:f2f109514b28326d5c6d69b43ba6b08e6fedf8fc77416b9a9c16be55c9ac138d"},
    {file = "sentencepiece-0.1.91-cp27-cp27m-manylinux1_i686.whl", hash = "sha256:b3643634e043fd7a5914d51d7dc60003dad0af976b8496df0406a487b0b83a8e"},
    {file = "sentencepiece-0.1.91-cp27-cp27m-manylinux1_x86_64.whl", hash = "sha256:21a2e9f476f0c3e45da1e5da00b7ec5241bbddb524bd7b1b3d61b1bcbc05efa6"},
    {file = "sentencepiece-0.1.91-cp27-cp27mu-manylinux1_i686.whl", hash = "sha256:30224b1f77af9cef79ffe3a40ed0e536be44df75c066f771e9e769b48379bd98"},
    {file = "sentencepiece-0.1.91-cp27-cp27mu-manylinux1_x86_64.whl", hash = "sha256:679fcdd01e01d990950a46a814210445f2202260d092d3b69f9826739d8aed2b"},
    {file = "sentencepiece-0.1.91-cp35-cp35m-macosx_10_6_x86_64.whl", hash = "sha256:123ac26429025b3153f8bae53d044e9dd29539e888dcb9f39a4982e6daf9dbe9"},
    {file = "sentencepiece-0.1.91-cp35-cp35m-manylinux1_i686.whl", hash = "sha256:53f4a91c8a6b55a75caad70d9f34bf331a576e9708c549729b06412c857aacb9"},
    {file = "sentencepiece-0.1.91-cp35-cp35m-manylinux1_x86_64.whl", hash = "sha256:f1c0cf36fcff4a3ea8925babc3ed7f5f3d58628e062b24f9fad92c400bc9210c"},
    {file = "sentencepiece-0.1.91-cp36-cp36m-macosx_10_6_x86_64.whl", hash = "sha256:c0b01bb8ab3b62aba76d6b0851a1d0fcf5df5ef5616f114ea85917d8ab5f59db"},
    {file = "sentencepiece-0.1.91-cp36-cp36m-manylinux1_i686.whl", hash = "sha256:70b4164c98dba43246a068c848fab5ac9966b5bcd731ee4cb9bcf6ae976389a4"},
    {file = "sentencepiece-0.1.91-cp36-cp36m-manylinux1_x86_64.whl", hash = "sha256:b858805ac3c6d92e5454a89476b1f9e0505e1511276cd258d5a70776c70374f1"},
    {file = "sentencepiece-0.1.91-cp36-cp36m-win32.whl", hash = "sha256:8bbb9173168d53165ba00172a5db7734e4826c30e6ffc4b3f8a6098713f6111d"},
    {file = "sentencepiece-0.1.91-cp36-cp36m-win_amd64.whl", hash = "sha256:51c25d504beeef4c697b8f55e2baf7c6b31733a190ff9b983a6db57faa59d3d8"},
    {file = "sentencepiece-0.1.91-cp37-cp37m-macosx_10_6_x86_64.whl", hash = "sha256:a04218f1b93b5669f3cee1dc8d6c397428e2f6af8843a20ddb2b629f6a86e632"},
    {file = "sentencepiece-0.1.91-cp37-cp37m-manylinux1_i686.whl", hash = "sha256:7fcda06cab76136346dd279268664c65f0b66bb2147ceb97e2cec25b426e8210"},
    {file = "sentencepiece-0.1.91-cp37-cp37m-manylinux1_x86_64.whl", hash = "sha256:3b4175a9d883a3b27436d51cb82794e3a62d0955bb36cc96d5d7932095c13135"},
    {file = "sentencepiece-0.1.91-cp37-cp37m-win32.whl", hash = "sha256:f0b383de68604195fe806072e7c8837eb5156455dfdb18fd26a9a94df3f57d42"},
    {file = "sentencepiece-0.1.91-cp37-cp37m-win_amd64.whl", hash = "sha256:82d819eb1e997b39424d7422aa885d2ef514f754dd2935a4f4fcfdedeee955c6"},
    {file = "sentencepiece-0.1.91-cp38-cp38-macosx_10_6_x86_64.whl", hash = "sha256:f331fd58f438d5d5476d189e9a4944c84f7e4b027533809292b9c119b58e43b8"},
    {file = "sentencepiece-0.1.91-cp38-cp38-manylinux1_i686.whl", hash = "sha256:79ad2f82b412859c516b569fb89b5e5c0ceba74d71c8d4b99cc8a2c734f3c79d"},
    {file = "sentencepiece-0.1.91-cp38-cp38-manylinux1_x86_64.whl", hash = "sha256:796726d680d6c26f0f4ff213a0f6b1ef790b02071268adf5f449739c1c903f93"},
    {file = "sentencepiece-0.1.91-cp38-cp38-win32.whl", hash = "sha256:9bdff324279359598a516de8413fd2c62bc3c9c8f569f4431829599fbe57e417"},
    {file = "sentencepiece-0.1.91-cp38-cp38-win_amd64.whl", hash = "sha256:c2a004470d388272d6c17ca160ef73d6ea1ffcddc345771d817ece5c85d85dcb"},
    {file = "sentencepiece-0.1.91.tar.gz", hash = "sha256:f9700cf607ea064d9fad34c751fbf49953dcc56fe68c54b277481aa0aec5c18f"},
]
six = [
    {file = "six-1.16.0-py2.py3-none-any.whl", hash = "sha256:8abb2f1d86890a2dfb989f9a77cfcfd3e47c2a354b01111771326f8aa26e0254"},
    {file = "six-1.16.0.tar.gz", hash = "sha256:1e61c37477a1626458e36f7b1d82aa5c9b094fa4802892072e49de9c60c4c926"},
]
tokenizers = [
    {file = "tokenizers-0.9.3-cp35-cp35m-macosx_10_11_x86_64.whl", hash = "sha256:ea1db6a8ebdf29f0487212c35357574c70f72c7c311406603fabeaa44cc94a12"},
    {file = "tokenizers-0.9.3-cp35-cp35m-manylinux1_x86_64.whl", hash = "sha256:be639a8933206dfd6e1cab26683ce020c03c6a3757d4a1dd5c8854d2bbed09ae"},
    {file = "tokenizers-0.9.3-cp35-cp35m-win32.whl", hash = "sha256:5b35be31ca999f9fb4732d947fa629104a29af3633e73cf8311cb69948f80165"},
    {file = "tokenizers-0.9.3-cp35-cp35m-win_amd64.whl", hash = "sha256:e2d709d028fe87dc305c767acca2da0425029fa0ae2135a2139ead7de62bc276"},
    {file = "tokenizers-0.9.3-cp36-cp36m-macosx_10_11_x86_64.whl", hash = "sha256:f71161ed25ab649e9291139f7ce6a28cd520de5de9246e2907a19a6f329b9105"},
    {file = "tokenizers-0.9.3-cp36-cp36m-manylinux1_x86_64.whl", hash = "sha256:219dafb24d26a10bd4162372901ac886254e1c6bf6510dde85df282469231eaf"},
    {file = "tokenizers-0.9.3-cp36-cp36m-win32.whl", hash = "sha256:424d8ab61b0b0afadf4d88beded036cb801e3a4ddba6804621568cefd5ddb317"},
    {file = "tokenizers-0.9.3-cp36-cp36m-win_amd64.whl", hash = "sha256:ef6208dfdd2536566d0eee06a03da1a74b9c9246ef5c4a213d5afd00f51d0976"},
    {file = "tokenizers-0.9.3-cp37-cp37m-macosx_10_11_x86_64.whl", hash = "sha256:0f30e6a9ea56cc8d999b17142f121ddb24b005b9fce936e7df47cdff1f55edcc"},
    {file = "tokenizers-0.9.3-cp37-cp37m-manylinux1_x86_64.whl", hash = "sha256:2d875e019e39bce56c35a126ef4338345d97bf5e53730c68d0f7128a05c3d6c0"},
    {file = "tokenizers-0.9.3-cp37-cp37m-win32.whl", hash = "sha256:b9c5c304bfdba4e703f8828bf4c57d3d65b3c77d2732f5ec81044abe8287f2de"},
    {file = "tokenizers-0.9.3-cp37-cp37m-win_amd64.whl", hash = "sha256:3f199b1042d56837b5764c212874510f8eab7702d7486fdb626432465717e4f7"},
    {file = "tokenizers-0.9.3-cp38-cp38-macosx_10_11_x86_64.whl", hash = "sha256:a8c197a0d8f8b91cc220315e1617b942d992ae70bade504838b70e49bf5e4454"},
    {file = "tokenizers-0.9.3-cp38-cp38-manylinux1_x86_64.whl", hash = "sha256:27ec3543e6e5701586804b1536cf687d44f8167871bd84ab01e5700cbfa969ec"},
    {file = "tokenizers-0.9.3-cp38-cp38-win32.whl", hash = "sha256:e76f84123695ccfaef734912369edbcb8ed71723196987ffd086e07d00c9d73a"},
    {file = "tokenizers-0.9.3-cp38-cp38-win_amd64.whl", hash = "sha256:3100ed9051558a3b2a9c2b7dda6880328a7c4c0736be72d279b0029339d55789"},
    {file = "tokenizers-0.9.3.tar.gz", hash = "sha256:bacaeb3621055aba9b5158a21dc8b5d80f65724ff47f414f9d06f1e087668d61"},
]
torch = [
    {file = "torch-1.4.0-cp27-cp27m-manylinux1_x86_64.whl", hash = "sha256:271d4d1e44df6ed57c530f8849b028447c62b8a19b8e8740dd9baa56e7f682c1"},
    {file = "torch-1.4.0-cp27-cp27mu-manylinux1_x86_64.whl", hash = "sha256:6f2fd9eb8c7eaf38a982ab266dbbfba0f29fb643bc74e677d045d6f2595e4692"},
    {file = "torch-1.4.0-cp27-none-macosx_10_7_x86_64.whl", hash = "sha256:30ce089475b287a37d6fbb8d71853e672edaf66699e3dd2eb19be6ce6296732a"},
    {file = "torch-1.4.0-cp35-cp35m-manylinux1_x86_64.whl", hash = "sha256:54d06a0e8ee85e5a437c24f4af9f4196c819294c23ffb5914e177756f55f1829"},
    {file = "torch-1.4.0-cp35-none-macosx_10_6_x86_64.whl", hash = "sha256:bb1e87063661414e1149bef2e3a2499ce0b5060290799d7e26bc5578037075ba"},
    {file = "torch-1.4.0-cp36-cp36m-manylinux1_x86_64.whl", hash = "sha256:8856f334aa9ecb742c1504bd2563d0ffb8dceb97149c8d72a04afa357f667dbc"},
    {file = "torch-1.4.0-cp36-none-macosx_10_9_x86_64.whl", hash = "sha256:9a1b1db73d8dcfd94b2eee24b939368742aa85f1217c55b8f5681e76c581e99a"},
    {file = "torch-1.4.0-cp37-cp37m-manylinux1_x86_64.whl", hash = "sha256:8fff03bf7b474c16e4b50da65ea14200cc64553b67b9b2307f9dc7e8c69b9d28"},
    {file = "torch-1.4.0-cp37-none-macosx_10_9_x86_64.whl", hash = "sha256:405b9eb40e44037d2525b3ddb5bc4c66b519cd742bff249d4207d23f83e88ea5"},
    {file = "torch-1.4.0-cp38-cp38-manylinux1_x86_64.whl", hash = "sha256:504915c6bc6051ba6a4c2a43c446463dff04411e352f1e26fe13debeae431778"},
    {file = "torch-1.4.0-cp38-none-macosx_10_9_x86_64.whl", hash = "sha256:d7b34a78f021935ad727a3bede56a8a8d4fda0b0272314a04c5f6890bbe7bb29"},
]
tqdm = [
    {file = "tqdm-4.64.1-py2.py3-none-any.whl", hash = "sha256:6fee160d6ffcd1b1c68c65f14c829c22832bc401726335ce92c52d395944a6a1"},
    {file = "tqdm-4.64.1.tar.gz", hash = "sha256:5f4f682a004951c1b450bc753c710e9280c5746ce6ffedee253ddbcbf54cf1e4"},
]
transformers = [
    {file = "transformers-3.5.1-py3-none-any.whl", hash = "sha256:cefb06c8892e0ce2de1bfc782d2c49af020960ebada8340317306ff606190341"},
    {file = "transformers-3.5.1.tar.gz", hash = "sha256:0d637c6cecc13b12f33f9e79bf5757c85f433c851e3ae7845ff20b6c49f41441"},
]
typing-extensions = [
    {file = "typing_extensions-4.3.0-py3-none-any.whl", hash = "sha256:25642c956049920a5aa49edcdd6ab1e06d7e5d467fc00e0506c44ac86fbfca02"},
    {file = "typing_extensions-4.3.0.tar.gz", hash = "sha256:e6d2677a32f47fc7eb2795db1dd15c1f34eff616bcaf2cfb5e997f854fa1c4a6"},
]
urllib3 = [
    {file = "urllib3-1.26.12-py2.py3-none-any.whl", hash = "sha256:b930dd878d5a8afb066a637fbb35144fe7901e3b209d1cd4f524bd0e9deee997"},
    {file = "urllib3-1.26.12.tar.gz", hash = "sha256:3fa96cf423e6987997fc326ae8df396db2a8b7c667747d47ddd8ecba91f4a74e"},
]
zipp = [
    {file = "zipp-3.8.1-py3-none-any.whl", hash = "sha256:47c40d7fe183a6f21403a199b3e4192cca5774656965b0a4988ad2f8feb5f009"},
    {file = "zipp-3.8.1.tar.gz", hash = "sha256:05b45f1ee8f807d0cc928485ca40a07cb491cf092ff587c0df9cb1fd154848d2"},
]
